// !$*UTF8*$!
{
	archiveVersion = 1;
	classes = {
	};
	objectVersion = 46;
	objects = {

/* Begin PBXBuildFile section */
		831A70101ACDD98E002218B9 /* main.m in Sources */ = {isa = PBXBuildFile; fileRef = 831A700F1ACDD98E002218B9 /* main.m */; };
		831A70131ACDD98E002218B9 /* AppDelegate.m in Sources */ = {isa = PBXBuildFile; fileRef = 831A70121ACDD98E002218B9 /* AppDelegate.m */; };
		831A70161ACDD98E002218B9 /* PaintBoard.xcdatamodeld in Sources */ = {isa = PBXBuildFile; fileRef = 831A70141ACDD98E002218B9 /* PaintBoard.xcdatamodeld */; };
		831A701C1ACDD98E002218B9 /* Main.storyboard in Resources */ = {isa = PBXBuildFile; fileRef = 831A701A1ACDD98E002218B9 /* Main.storyboard */; };
		831A701E1ACDD98E002218B9 /* Images.xcassets in Resources */ = {isa = PBXBuildFile; fileRef = 831A701D1ACDD98E002218B9 /* Images.xcassets */; };
		831A70211ACDD98E002218B9 /* LaunchScreen.xib in Resources */ = {isa = PBXBuildFile; fileRef = 831A701F1ACDD98E002218B9 /* LaunchScreen.xib */; };
		831A702D1ACDD98E002218B9 /* PaintBoardTests.m in Sources */ = {isa = PBXBuildFile; fileRef = 831A702C1ACDD98E002218B9 /* PaintBoardTests.m */; };
		831A70381ACDDBF2002218B9 /* light-wood-texture.jpg in Resources */ = {isa = PBXBuildFile; fileRef = 831A70371ACDDBF2002218B9 /* light-wood-texture.jpg */; };
		831A703B1ACDDF21002218B9 /* DrawPageViewController.m in Sources */ = {isa = PBXBuildFile; fileRef = 831A703A1ACDDF21002218B9 /* DrawPageViewController.m */; };
		831A703D1ACDE00B002218B9 /* DrawPaper.jpg in Resources */ = {isa = PBXBuildFile; fileRef = 831A703C1ACDE00B002218B9 /* DrawPaper.jpg */; };
		831A703F1ACDE23D002218B9 /* WhitePaper.jpg in Resources */ = {isa = PBXBuildFile; fileRef = 831A703E1ACDE23D002218B9 /* WhitePaper.jpg */; };
		8399D8371AD02879007AF60B /* CoreGraphics.framework in Frameworks */ = {isa = PBXBuildFile; fileRef = 8399D8361AD02879007AF60B /* CoreGraphics.framework */; };
		8399D8391AD028A0007AF60B /* QuartzCore.framework in Frameworks */ = {isa = PBXBuildFile; fileRef = 8399D8381AD028A0007AF60B /* QuartzCore.framework */; };
		8399D83B1AD04100007AF60B /* Eraser-64.png in Resources */ = {isa = PBXBuildFile; fileRef = 8399D83A1AD040FF007AF60B /* Eraser-64.png */; };
		83B3978C1ACE226400D33C55 /* launch.jpg in Resources */ = {isa = PBXBuildFile; fileRef = 83B3978B1ACE226400D33C55 /* launch.jpg */; };
		83B3978E1ACE290600D33C55 /* Marker Pen-50.png in Resources */ = {isa = PBXBuildFile; fileRef = 83B3978D1ACE290600D33C55 /* Marker Pen-50.png */; };
		83B397911ACE3E8800D33C55 /* MainSelectionViewController.m in Sources */ = {isa = PBXBuildFile; fileRef = 83B397901ACE3E8800D33C55 /* MainSelectionViewController.m */; };
		83B397941ACEE86600D33C55 /* ActivityHub.m in Sources */ = {isa = PBXBuildFile; fileRef = 83B397931ACEE86600D33C55 /* ActivityHub.m */; };
		83B397971ACEEC3300D33C55 /* Checkmark-64.png in Resources */ = {isa = PBXBuildFile; fileRef = 83B397961ACEEC3300D33C55 /* Checkmark-64.png */; };
		83B3979B1ACF164E00D33C55 /* ColorPickerViewController.m in Sources */ = {isa = PBXBuildFile; fileRef = 83B3979A1ACF164E00D33C55 /* ColorPickerViewController.m */; };
		83B3979D1ACF365C00D33C55 /* bar.jpg in Resources */ = {isa = PBXBuildFile; fileRef = 83B3979C1ACF365C00D33C55 /* bar.jpg */; };
		83E89AC31AD062BB00B4A808 /* SliderKnob.png in Resources */ = {isa = PBXBuildFile; fileRef = 83E89AC21AD062BB00B4A808 /* SliderKnob.png */; };
		83E89AC51AD0661600B4A808 /* istudio.jpg in Resources */ = {isa = PBXBuildFile; fileRef = 83E89AC41AD0661600B4A808 /* istudio.jpg */; };
		83E89AC71AD0793200B4A808 /* knob.png in Resources */ = {isa = PBXBuildFile; fileRef = 83E89AC61AD0793200B4A808 /* knob.png */; };
		83E89AC91AD07C4400B4A808 /* Marker Pen-white.png in Resources */ = {isa = PBXBuildFile; fileRef = 83E89AC81AD07C4400B4A808 /* Marker Pen-white.png */; };
		83E89ACD1AD07E0A00B4A808 /* Home Filled-50.png in Resources */ = {isa = PBXBuildFile; fileRef = 83E89ACA1AD07E0A00B4A808 /* Home Filled-50.png */; };
		83E89ACE1AD07E0A00B4A808 /* Reload Filled-50.png in Resources */ = {isa = PBXBuildFile; fileRef = 83E89ACB1AD07E0A00B4A808 /* Reload Filled-50.png */; };
		83E89ACF1AD07E0A00B4A808 /* Save As Filled-50.png in Resources */ = {isa = PBXBuildFile; fileRef = 83E89ACC1AD07E0A00B4A808 /* Save As Filled-50.png */; };
		83E89AD11AD08CF200B4A808 /* Paint Palette-50.png in Resources */ = {isa = PBXBuildFile; fileRef = 83E89AD01AD08CF200B4A808 /* Paint Palette-50.png */; };
		83E89AD31AD0909E00B4A808 /* Eraser-50.png in Resources */ = {isa = PBXBuildFile; fileRef = 83E89AD21AD0909E00B4A808 /* Eraser-50.png */; };
		83E89AD61AD09B4F00B4A808 /* Add Image-100.png in Resources */ = {isa = PBXBuildFile; fileRef = 83E89AD41AD09B4F00B4A808 /* Add Image-100.png */; };
		83E89AD71AD09B4F00B4A808 /* Edit Image-100.png in Resources */ = {isa = PBXBuildFile; fileRef = 83E89AD51AD09B4F00B4A808 /* Edit Image-100.png */; };
		83E89AD91AD0D7C800B4A808 /* Checkmark Filled-50.png in Resources */ = {isa = PBXBuildFile; fileRef = 83E89AD81AD0D7C800B4A808 /* Checkmark Filled-50.png */; };
		D3AF057C3ACC729772AB1C58 /* libPods-PaintBoard.a in Frameworks */ = {isa = PBXBuildFile; fileRef = 1EDF89775651395E9BC540D8 /* libPods-PaintBoard.a */; };
/* End PBXBuildFile section */

/* Begin PBXContainerItemProxy section */
		831A70271ACDD98E002218B9 /* PBXContainerItemProxy */ = {
			isa = PBXContainerItemProxy;
			containerPortal = 831A70021ACDD98E002218B9 /* Project object */;
			proxyType = 1;
			remoteGlobalIDString = 831A70091ACDD98E002218B9;
			remoteInfo = PaintBoard;
		};
/* End PBXContainerItemProxy section */

/* Begin PBXFileReference section */
		1EDF89775651395E9BC540D8 /* libPods-PaintBoard.a */ = {isa = PBXFileReference; explicitFileType = archive.ar; includeInIndex = 0; path = "libPods-PaintBoard.a"; sourceTree = BUILT_PRODUCTS_DIR; };
		374FD14D317543E6227E01E7 /* Pods-PaintBoard.debug.xcconfig */ = {isa = PBXFileReference; includeInIndex = 1; lastKnownFileType = text.xcconfig; name = "Pods-PaintBoard.debug.xcconfig"; path = "Pods/Target Support Files/Pods-PaintBoard/Pods-PaintBoard.debug.xcconfig"; sourceTree = "<group>"; };
		831A700A1ACDD98E002218B9 /* PaintBoard.app */ = {isa = PBXFileReference; explicitFileType = wrapper.application; includeInIndex = 0; path = PaintBoard.app; sourceTree = BUILT_PRODUCTS_DIR; };
		831A700E1ACDD98E002218B9 /* Info.plist */ = {isa = PBXFileReference; lastKnownFileType = text.plist.xml; path = Info.plist; sourceTree = "<group>"; };
		831A700F1ACDD98E002218B9 /* main.m */ = {isa = PBXFileReference; lastKnownFileType = sourcecode.c.objc; path = main.m; sourceTree = "<group>"; };
		831A70111ACDD98E002218B9 /* AppDelegate.h */ = {isa = PBXFileReference; lastKnownFileType = sourcecode.c.h; path = AppDelegate.h; sourceTree = "<group>"; };
		831A70121ACDD98E002218B9 /* AppDelegate.m */ = {isa = PBXFileReference; lastKnownFileType = sourcecode.c.objc; path = AppDelegate.m; sourceTree = "<group>"; };
		831A70151ACDD98E002218B9 /* PaintBoard.xcdatamodel */ = {isa = PBXFileReference; lastKnownFileType = wrapper.xcdatamodel; path = PaintBoard.xcdatamodel; sourceTree = "<group>"; };
		831A701B1ACDD98E002218B9 /* Base */ = {isa = PBXFileReference; lastKnownFileType = file.storyboard; name = Base; path = Base.lproj/Main.storyboard; sourceTree = "<group>"; };
		831A701D1ACDD98E002218B9 /* Images.xcassets */ = {isa = PBXFileReference; lastKnownFileType = folder.assetcatalog; path = Images.xcassets; sourceTree = "<group>"; };
		831A70201ACDD98E002218B9 /* Base */ = {isa = PBXFileReference; lastKnownFileType = file.xib; name = Base; path = Base.lproj/LaunchScreen.xib; sourceTree = "<group>"; };
		831A70261ACDD98E002218B9 /* PaintBoardTests.xctest */ = {isa = PBXFileReference; explicitFileType = wrapper.cfbundle; includeInIndex = 0; path = PaintBoardTests.xctest; sourceTree = BUILT_PRODUCTS_DIR; };
		831A702B1ACDD98E002218B9 /* Info.plist */ = {isa = PBXFileReference; lastKnownFileType = text.plist.xml; path = Info.plist; sourceTree = "<group>"; };
		831A702C1ACDD98E002218B9 /* PaintBoardTests.m */ = {isa = PBXFileReference; lastKnownFileType = sourcecode.c.objc; path = PaintBoardTests.m; sourceTree = "<group>"; };
		831A70371ACDDBF2002218B9 /* light-wood-texture.jpg */ = {isa = PBXFileReference; lastKnownFileType = image.jpeg; path = "light-wood-texture.jpg"; sourceTree = "<group>"; };
		831A70391ACDDF21002218B9 /* DrawPageViewController.h */ = {isa = PBXFileReference; fileEncoding = 4; lastKnownFileType = sourcecode.c.h; path = DrawPageViewController.h; sourceTree = "<group>"; };
		831A703A1ACDDF21002218B9 /* DrawPageViewController.m */ = {isa = PBXFileReference; fileEncoding = 4; lastKnownFileType = sourcecode.c.objc; path = DrawPageViewController.m; sourceTree = "<group>"; };
		831A703C1ACDE00B002218B9 /* DrawPaper.jpg */ = {isa = PBXFileReference; lastKnownFileType = image.jpeg; path = DrawPaper.jpg; sourceTree = "<group>"; };
		831A703E1ACDE23D002218B9 /* WhitePaper.jpg */ = {isa = PBXFileReference; lastKnownFileType = image.jpeg; path = WhitePaper.jpg; sourceTree = "<group>"; };
		8399D8361AD02879007AF60B /* CoreGraphics.framework */ = {isa = PBXFileReference; lastKnownFileType = wrapper.framework; name = CoreGraphics.framework; path = System/Library/Frameworks/CoreGraphics.framework; sourceTree = SDKROOT; };
		8399D8381AD028A0007AF60B /* QuartzCore.framework */ = {isa = PBXFileReference; lastKnownFileType = wrapper.framework; name = QuartzCore.framework; path = System/Library/Frameworks/QuartzCore.framework; sourceTree = SDKROOT; };
		8399D83A1AD040FF007AF60B /* Eraser-64.png */ = {isa = PBXFileReference; lastKnownFileType = image.png; path = "Eraser-64.png"; sourceTree = "<group>"; };
		83B3978B1ACE226400D33C55 /* launch.jpg */ = {isa = PBXFileReference; lastKnownFileType = image.jpeg; path = launch.jpg; sourceTree = "<group>"; };
		83B3978D1ACE290600D33C55 /* Marker Pen-50.png */ = {isa = PBXFileReference; lastKnownFileType = image.png; name = "Marker Pen-50.png"; path = "../resource/Marker Pen-50.png"; sourceTree = "<group>"; };
		83B3978F1ACE3E8800D33C55 /* MainSelectionViewController.h */ = {isa = PBXFileReference; fileEncoding = 4; lastKnownFileType = sourcecode.c.h; path = MainSelectionViewController.h; sourceTree = "<group>"; };
		83B397901ACE3E8800D33C55 /* MainSelectionViewController.m */ = {isa = PBXFileReference; fileEncoding = 4; lastKnownFileType = sourcecode.c.objc; path = MainSelectionViewController.m; sourceTree = "<group>"; };
		83B397921ACEE86600D33C55 /* ActivityHub.h */ = {isa = PBXFileReference; fileEncoding = 4; lastKnownFileType = sourcecode.c.h; path = ActivityHub.h; sourceTree = "<group>"; };
		83B397931ACEE86600D33C55 /* ActivityHub.m */ = {isa = PBXFileReference; fileEncoding = 4; lastKnownFileType = sourcecode.c.objc; path = ActivityHub.m; sourceTree = "<group>"; };
		83B397961ACEEC3300D33C55 /* Checkmark-64.png */ = {isa = PBXFileReference; lastKnownFileType = image.png; path = "Checkmark-64.png"; sourceTree = "<group>"; };
		83B397981ACEEEC700D33C55 /* PBColors.h */ = {isa = PBXFileReference; lastKnownFileType = sourcecode.c.h; path = PBColors.h; sourceTree = "<group>"; };
		83B397991ACF164E00D33C55 /* ColorPickerViewController.h */ = {isa = PBXFileReference; fileEncoding = 4; lastKnownFileType = sourcecode.c.h; path = ColorPickerViewController.h; sourceTree = "<group>"; };
		83B3979A1ACF164E00D33C55 /* ColorPickerViewController.m */ = {isa = PBXFileReference; fileEncoding = 4; lastKnownFileType = sourcecode.c.objc; path = ColorPickerViewController.m; sourceTree = "<group>"; };
		83B3979C1ACF365C00D33C55 /* bar.jpg */ = {isa = PBXFileReference; lastKnownFileType = image.jpeg; path = bar.jpg; sourceTree = "<group>"; };
		83E89AC21AD062BB00B4A808 /* SliderKnob.png */ = {isa = PBXFileReference; lastKnownFileType = image.png; path = SliderKnob.png; sourceTree = "<group>"; };
		83E89AC41AD0661600B4A808 /* istudio.jpg */ = {isa = PBXFileReference; lastKnownFileType = image.jpeg; path = istudio.jpg; sourceTree = "<group>"; };
		83E89AC61AD0793200B4A808 /* knob.png */ = {isa = PBXFileReference; lastKnownFileType = image.png; path = knob.png; sourceTree = "<group>"; };
		83E89AC81AD07C4400B4A808 /* Marker Pen-white.png */ = {isa = PBXFileReference; lastKnownFileType = image.png; path = "Marker Pen-white.png"; sourceTree = "<group>"; };
		83E89ACA1AD07E0A00B4A808 /* Home Filled-50.png */ = {isa = PBXFileReference; lastKnownFileType = image.png; path = "Home Filled-50.png"; sourceTree = "<group>"; };
		83E89ACB1AD07E0A00B4A808 /* Reload Filled-50.png */ = {isa = PBXFileReference; lastKnownFileType = image.png; path = "Reload Filled-50.png"; sourceTree = "<group>"; };
		83E89ACC1AD07E0A00B4A808 /* Save As Filled-50.png */ = {isa = PBXFileReference; lastKnownFileType = image.png; path = "Save As Filled-50.png"; sourceTree = "<group>"; };
		83E89AD01AD08CF200B4A808 /* Paint Palette-50.png */ = {isa = PBXFileReference; lastKnownFileType = image.png; path = "Paint Palette-50.png"; sourceTree = "<group>"; };
		83E89AD21AD0909E00B4A808 /* Eraser-50.png */ = {isa = PBXFileReference; lastKnownFileType = image.png; path = "Eraser-50.png"; sourceTree = "<group>"; };
		83E89AD41AD09B4F00B4A808 /* Add Image-100.png */ = {isa = PBXFileReference; lastKnownFileType = image.png; path = "Add Image-100.png"; sourceTree = "<group>"; };
		83E89AD51AD09B4F00B4A808 /* Edit Image-100.png */ = {isa = PBXFileReference; lastKnownFileType = image.png; path = "Edit Image-100.png"; sourceTree = "<group>"; };
		83E89AD81AD0D7C800B4A808 /* Checkmark Filled-50.png */ = {isa = PBXFileReference; lastKnownFileType = image.png; path = "Checkmark Filled-50.png"; sourceTree = "<group>"; };
		A2DB6B46A16B307EFA35E8E9 /* Pods-PaintBoard.release.xcconfig */ = {isa = PBXFileReference; includeInIndex = 1; lastKnownFileType = text.xcconfig; name = "Pods-PaintBoard.release.xcconfig"; path = "Pods/Target Support Files/Pods-PaintBoard/Pods-PaintBoard.release.xcconfig"; sourceTree = "<group>"; };
/* End PBXFileReference section */

/* Begin PBXFrameworksBuildPhase section */
		831A70071ACDD98E002218B9 /* Frameworks */ = {
			isa = PBXFrameworksBuildPhase;
			buildActionMask = 2147483647;
			files = (
				8399D8391AD028A0007AF60B /* QuartzCore.framework in Frameworks */,
				8399D8371AD02879007AF60B /* CoreGraphics.framework in Frameworks */,
				D3AF057C3ACC729772AB1C58 /* libPods-PaintBoard.a in Frameworks */,
			);
			runOnlyForDeploymentPostprocessing = 0;
		};
		831A70231ACDD98E002218B9 /* Frameworks */ = {
			isa = PBXFrameworksBuildPhase;
			buildActionMask = 2147483647;
			files = (
			);
			runOnlyForDeploymentPostprocessing = 0;
		};
/* End PBXFrameworksBuildPhase section */

/* Begin PBXGroup section */
		790F6FF73F5928FE736B0969 /* Frameworks */ = {
			isa = PBXGroup;
			children = (
				8399D8381AD028A0007AF60B /* QuartzCore.framework */,
				8399D8361AD02879007AF60B /* CoreGraphics.framework */,
				1EDF89775651395E9BC540D8 /* libPods-PaintBoard.a */,
			);
			name = Frameworks;
			sourceTree = "<group>";
		};
		831A70011ACDD98E002218B9 = {
			isa = PBXGroup;
			children = (
				831A700C1ACDD98E002218B9 /* PaintBoard */,
				831A70291ACDD98E002218B9 /* PaintBoardTests */,
				831A700B1ACDD98E002218B9 /* Products */,
				C2F761FE525E93140AFBCE04 /* Pods */,
				790F6FF73F5928FE736B0969 /* Frameworks */,
			);
			sourceTree = "<group>";
		};
		831A700B1ACDD98E002218B9 /* Products */ = {
			isa = PBXGroup;
			children = (
				831A700A1ACDD98E002218B9 /* PaintBoard.app */,
				831A70261ACDD98E002218B9 /* PaintBoardTests.xctest */,
			);
			name = Products;
			sourceTree = "<group>";
		};
		831A700C1ACDD98E002218B9 /* PaintBoard */ = {
			isa = PBXGroup;
			children = (
				83B397951ACEEC3300D33C55 /* icons */,
				831A70361ACDDBB8002218B9 /* resource */,
				83B397981ACEEEC700D33C55 /* PBColors.h */,
				831A70111ACDD98E002218B9 /* AppDelegate.h */,
				831A70121ACDD98E002218B9 /* AppDelegate.m */,
				83B397921ACEE86600D33C55 /* ActivityHub.h */,
				83B397931ACEE86600D33C55 /* ActivityHub.m */,
				831A70391ACDDF21002218B9 /* DrawPageViewController.h */,
				831A703A1ACDDF21002218B9 /* DrawPageViewController.m */,
				83B3978F1ACE3E8800D33C55 /* MainSelectionViewController.h */,
				83B397901ACE3E8800D33C55 /* MainSelectionViewController.m */,
				83B397991ACF164E00D33C55 /* ColorPickerViewController.h */,
				83B3979A1ACF164E00D33C55 /* ColorPickerViewController.m */,
				831A701A1ACDD98E002218B9 /* Main.storyboard */,
				831A701D1ACDD98E002218B9 /* Images.xcassets */,
				831A701F1ACDD98E002218B9 /* LaunchScreen.xib */,
				831A70141ACDD98E002218B9 /* PaintBoard.xcdatamodeld */,
				831A700D1ACDD98E002218B9 /* Supporting Files */,
			);
			path = PaintBoard;
			sourceTree = "<group>";
		};
		831A700D1ACDD98E002218B9 /* Supporting Files */ = {
			isa = PBXGroup;
			children = (
				831A700E1ACDD98E002218B9 /* Info.plist */,
				831A700F1ACDD98E002218B9 /* main.m */,
			);
			name = "Supporting Files";
			sourceTree = "<group>";
		};
		831A70291ACDD98E002218B9 /* PaintBoardTests */ = {
			isa = PBXGroup;
			children = (
				831A702C1ACDD98E002218B9 /* PaintBoardTests.m */,
				831A702A1ACDD98E002218B9 /* Supporting Files */,
			);
			path = PaintBoardTests;
			sourceTree = "<group>";
		};
		831A702A1ACDD98E002218B9 /* Supporting Files */ = {
			isa = PBXGroup;
			children = (
				831A702B1ACDD98E002218B9 /* Info.plist */,
			);
			name = "Supporting Files";
			sourceTree = "<group>";
		};
		831A70361ACDDBB8002218B9 /* resource */ = {
			isa = PBXGroup;
			children = (
				83E89AC61AD0793200B4A808 /* knob.png */,
				83E89AC41AD0661600B4A808 /* istudio.jpg */,
				83B3979C1ACF365C00D33C55 /* bar.jpg */,
				83B3978B1ACE226400D33C55 /* launch.jpg */,
				831A703E1ACDE23D002218B9 /* WhitePaper.jpg */,
				831A703C1ACDE00B002218B9 /* DrawPaper.jpg */,
				831A70371ACDDBF2002218B9 /* light-wood-texture.jpg */,
			);
			path = resource;
			sourceTree = "<group>";
		};
		83B397951ACEEC3300D33C55 /* icons */ = {
			isa = PBXGroup;
			children = (
				83E89AD81AD0D7C800B4A808 /* Checkmark Filled-50.png */,
				83E89AD41AD09B4F00B4A808 /* Add Image-100.png */,
				83E89AD51AD09B4F00B4A808 /* Edit Image-100.png */,
				83E89AD21AD0909E00B4A808 /* Eraser-50.png */,
				83E89AD01AD08CF200B4A808 /* Paint Palette-50.png */,
				83E89ACA1AD07E0A00B4A808 /* Home Filled-50.png */,
				83E89ACB1AD07E0A00B4A808 /* Reload Filled-50.png */,
				83E89ACC1AD07E0A00B4A808 /* Save As Filled-50.png */,
				83E89AC81AD07C4400B4A808 /* Marker Pen-white.png */,
				83E89AC21AD062BB00B4A808 /* SliderKnob.png */,
				83B3978D1ACE290600D33C55 /* Marker Pen-50.png */,
				8399D83A1AD040FF007AF60B /* Eraser-64.png */,
				83B397961ACEEC3300D33C55 /* Checkmark-64.png */,
			);
			path = icons;
			sourceTree = "<group>";
		};
		C2F761FE525E93140AFBCE04 /* Pods */ = {
			isa = PBXGroup;
			children = (
				374FD14D317543E6227E01E7 /* Pods-PaintBoard.debug.xcconfig */,
				A2DB6B46A16B307EFA35E8E9 /* Pods-PaintBoard.release.xcconfig */,
			);
			name = Pods;
			sourceTree = "<group>";
		};
/* End PBXGroup section */

/* Begin PBXNativeTarget section */
		831A70091ACDD98E002218B9 /* PaintBoard */ = {
			isa = PBXNativeTarget;
			buildConfigurationList = 831A70301ACDD98E002218B9 /* Build configuration list for PBXNativeTarget "PaintBoard" */;
			buildPhases = (
				81BD81EB49D68338535B4FA8 /* Check Pods Manifest.lock */,
				831A70061ACDD98E002218B9 /* Sources */,
				831A70071ACDD98E002218B9 /* Frameworks */,
				831A70081ACDD98E002218B9 /* Resources */,
				FEF580A62EDA244CC0EBABED /* Copy Pods Resources */,
			);
			buildRules = (
			);
			dependencies = (
			);
			name = PaintBoard;
			productName = PaintBoard;
			productReference = 831A700A1ACDD98E002218B9 /* PaintBoard.app */;
			productType = "com.apple.product-type.application";
		};
		831A70251ACDD98E002218B9 /* PaintBoardTests */ = {
			isa = PBXNativeTarget;
			buildConfigurationList = 831A70331ACDD98E002218B9 /* Build configuration list for PBXNativeTarget "PaintBoardTests" */;
			buildPhases = (
				831A70221ACDD98E002218B9 /* Sources */,
				831A70231ACDD98E002218B9 /* Frameworks */,
				831A70241ACDD98E002218B9 /* Resources */,
			);
			buildRules = (
			);
			dependencies = (
				831A70281ACDD98E002218B9 /* PBXTargetDependency */,
			);
			name = PaintBoardTests;
			productName = PaintBoardTests;
			productReference = 831A70261ACDD98E002218B9 /* PaintBoardTests.xctest */;
			productType = "com.apple.product-type.bundle.unit-test";
		};
/* End PBXNativeTarget section */

/* Begin PBXProject section */
		831A70021ACDD98E002218B9 /* Project object */ = {
			isa = PBXProject;
			attributes = {
				LastUpgradeCheck = 0620;
				ORGANIZATIONNAME = "Changkun Zhao";
				TargetAttributes = {
					831A70091ACDD98E002218B9 = {
						CreatedOnToolsVersion = 6.2;
					};
					831A70251ACDD98E002218B9 = {
						CreatedOnToolsVersion = 6.2;
						TestTargetID = 831A70091ACDD98E002218B9;
					};
				};
			};
			buildConfigurationList = 831A70051ACDD98E002218B9 /* Build configuration list for PBXProject "PaintBoard" */;
			compatibilityVersion = "Xcode 3.2";
			developmentRegion = English;
			hasScannedForEncodings = 0;
			knownRegions = (
				en,
				Base,
			);
			mainGroup = 831A70011ACDD98E002218B9;
			productRefGroup = 831A700B1ACDD98E002218B9 /* Products */;
			projectDirPath = "";
			projectRoot = "";
			targets = (
				831A70091ACDD98E002218B9 /* PaintBoard */,
				831A70251ACDD98E002218B9 /* PaintBoardTests */,
			);
		};
/* End PBXProject section */

/* Begin PBXResourcesBuildPhase section */
		831A70081ACDD98E002218B9 /* Resources */ = {
			isa = PBXResourcesBuildPhase;
			buildActionMask = 2147483647;
			files = (
				83E89ACD1AD07E0A00B4A808 /* Home Filled-50.png in Resources */,
				83B3978C1ACE226400D33C55 /* launch.jpg in Resources */,
				83B3979D1ACF365C00D33C55 /* bar.jpg in Resources */,
				83E89ACE1AD07E0A00B4A808 /* Reload Filled-50.png in Resources */,
				83E89AD71AD09B4F00B4A808 /* Edit Image-100.png in Resources */,
				831A701C1ACDD98E002218B9 /* Main.storyboard in Resources */,
				83E89AD61AD09B4F00B4A808 /* Add Image-100.png in Resources */,
				831A70381ACDDBF2002218B9 /* light-wood-texture.jpg in Resources */,
				83B3978E1ACE290600D33C55 /* Marker Pen-50.png in Resources */,
				831A703F1ACDE23D002218B9 /* WhitePaper.jpg in Resources */,
				83E89AD91AD0D7C800B4A808 /* Checkmark Filled-50.png in Resources */,
				831A70211ACDD98E002218B9 /* LaunchScreen.xib in Resources */,
				8399D83B1AD04100007AF60B /* Eraser-64.png in Resources */,
				83E89AD11AD08CF200B4A808 /* Paint Palette-50.png in Resources */,
				83B397971ACEEC3300D33C55 /* Checkmark-64.png in Resources */,
				83E89AD31AD0909E00B4A808 /* Eraser-50.png in Resources */,
				83E89AC71AD0793200B4A808 /* knob.png in Resources */,
				831A703D1ACDE00B002218B9 /* DrawPaper.jpg in Resources */,
				83E89ACF1AD07E0A00B4A808 /* Save As Filled-50.png in Resources */,
				83E89AC31AD062BB00B4A808 /* SliderKnob.png in Resources */,
				83E89AC51AD0661600B4A808 /* istudio.jpg in Resources */,
				831A701E1ACDD98E002218B9 /* Images.xcassets in Resources */,
				83E89AC91AD07C4400B4A808 /* Marker Pen-white.png in Resources */,
			);
			runOnlyForDeploymentPostprocessing = 0;
		};
		831A70241ACDD98E002218B9 /* Resources */ = {
			isa = PBXResourcesBuildPhase;
			buildActionMask = 2147483647;
			files = (
			);
			runOnlyForDeploymentPostprocessing = 0;
		};
/* End PBXResourcesBuildPhase section */

/* Begin PBXShellScriptBuildPhase section */
		81BD81EB49D68338535B4FA8 /* Check Pods Manifest.lock */ = {
			isa = PBXShellScriptBuildPhase;
			buildActionMask = 2147483647;
			files = (
			);
			inputPaths = (
			);
			name = "Check Pods Manifest.lock";
			outputPaths = (
			);
			runOnlyForDeploymentPostprocessing = 0;
			shellPath = /bin/sh;
			shellScript = "diff \"${PODS_ROOT}/../Podfile.lock\" \"${PODS_ROOT}/Manifest.lock\" > /dev/null\nif [[ $? != 0 ]] ; then\n    cat << EOM\nerror: The sandbox is not in sync with the Podfile.lock. Run 'pod install' or update your CocoaPods installation.\nEOM\n    exit 1\nfi\n";
			showEnvVarsInLog = 0;
		};
		FEF580A62EDA244CC0EBABED /* Copy Pods Resources */ = {
			isa = PBXShellScriptBuildPhase;
			buildActionMask = 2147483647;
			files = (
			);
			inputPaths = (
			);
			name = "Copy Pods Resources";
			outputPaths = (
			);
			runOnlyForDeploymentPostprocessing = 0;
			shellPath = /bin/sh;
			shellScript = "\"${SRCROOT}/Pods/Target Support Files/Pods-PaintBoard/Pods-PaintBoard-resources.sh\"\n";
			showEnvVarsInLog = 0;
		};
/* End PBXShellScriptBuildPhase section */

/* Begin PBXSourcesBuildPhase section */
		831A70061ACDD98E002218B9 /* Sources */ = {
			isa = PBXSourcesBuildPhase;
			buildActionMask = 2147483647;
			files = (
				831A70131ACDD98E002218B9 /* AppDelegate.m in Sources */,
				83B3979B1ACF164E00D33C55 /* ColorPickerViewController.m in Sources */,
				831A70101ACDD98E002218B9 /* main.m in Sources */,
				83B397941ACEE86600D33C55 /* ActivityHub.m in Sources */,
				83B397911ACE3E8800D33C55 /* MainSelectionViewController.m in Sources */,
				831A703B1ACDDF21002218B9 /* DrawPageViewController.m in Sources */,
				831A70161ACDD98E002218B9 /* PaintBoard.xcdatamodeld in Sources */,
			);
			runOnlyForDeploymentPostprocessing = 0;
		};
		831A70221ACDD98E002218B9 /* Sources */ = {
			isa = PBXSourcesBuildPhase;
			buildActionMask = 2147483647;
			files = (
				831A702D1ACDD98E002218B9 /* PaintBoardTests.m in Sources */,
			);
			runOnlyForDeploymentPostprocessing = 0;
		};
/* End PBXSourcesBuildPhase section */

/* Begin PBXTargetDependency section */
		831A70281ACDD98E002218B9 /* PBXTargetDependency */ = {
			isa = PBXTargetDependency;
			target = 831A70091ACDD98E002218B9 /* PaintBoard */;
			targetProxy = 831A70271ACDD98E002218B9 /* PBXContainerItemProxy */;
		};
/* End PBXTargetDependency section */

/* Begin PBXVariantGroup section */
		831A701A1ACDD98E002218B9 /* Main.storyboard */ = {
			isa = PBXVariantGroup;
			children = (
				831A701B1ACDD98E002218B9 /* Base */,
			);
			name = Main.storyboard;
			sourceTree = "<group>";
		};
		831A701F1ACDD98E002218B9 /* LaunchScreen.xib */ = {
			isa = PBXVariantGroup;
			children = (
				831A70201ACDD98E002218B9 /* Base */,
			);
			name = LaunchScreen.xib;
			sourceTree = "<group>";
		};
/* End PBXVariantGroup section */

/* Begin XCBuildConfiguration section */
		831A702E1ACDD98E002218B9 /* Debug */ = {
			isa = XCBuildConfiguration;
			buildSettings = {
				ALWAYS_SEARCH_USER_PATHS = NO;
				CLANG_CXX_LANGUAGE_STANDARD = "gnu++0x";
				CLANG_CXX_LIBRARY = "libc++";
				CLANG_ENABLE_MODULES = YES;
				CLANG_ENABLE_OBJC_ARC = YES;
				CLANG_WARN_BOOL_CONVERSION = YES;
				CLANG_WARN_CONSTANT_CONVERSION = YES;
				CLANG_WARN_DIRECT_OBJC_ISA_USAGE = YES_ERROR;
				CLANG_WARN_EMPTY_BODY = YES;
				CLANG_WARN_ENUM_CONVERSION = YES;
				CLANG_WARN_INT_CONVERSION = YES;
				CLANG_WARN_OBJC_ROOT_CLASS = YES_ERROR;
				CLANG_WARN_UNREACHABLE_CODE = YES;
				CLANG_WARN__DUPLICATE_METHOD_MATCH = YES;
				"CODE_SIGN_IDENTITY[sdk=iphoneos*]" = "iPhone Developer";
				COPY_PHASE_STRIP = NO;
				ENABLE_STRICT_OBJC_MSGSEND = YES;
				GCC_C_LANGUAGE_STANDARD = gnu99;
				GCC_DYNAMIC_NO_PIC = NO;
				GCC_OPTIMIZATION_LEVEL = 0;
				GCC_PREPROCESSOR_DEFINITIONS = (
					"DEBUG=1",
					"$(inherited)",
				);
				GCC_SYMBOLS_PRIVATE_EXTERN = NO;
				GCC_WARN_64_TO_32_BIT_CONVERSION = YES;
				GCC_WARN_ABOUT_RETURN_TYPE = YES_ERROR;
				GCC_WARN_UNDECLARED_SELECTOR = YES;
				GCC_WARN_UNINITIALIZED_AUTOS = YES_AGGRESSIVE;
				GCC_WARN_UNUSED_FUNCTION = YES;
				GCC_WARN_UNUSED_VARIABLE = YES;
				IPHONEOS_DEPLOYMENT_TARGET = 8.2;
				MTL_ENABLE_DEBUG_INFO = YES;
				ONLY_ACTIVE_ARCH = YES;
				SDKROOT = iphoneos;
				TARGETED_DEVICE_FAMILY = "1,2";
			};
			name = Debug;
		};
		831A702F1ACDD98E002218B9 /* Release */ = {
			isa = XCBuildConfiguration;
			buildSettings = {
				ALWAYS_SEARCH_USER_PATHS = NO;
				CLANG_CXX_LANGUAGE_STANDARD = "gnu++0x";
				CLANG_CXX_LIBRARY = "libc++";
				CLANG_ENABLE_MODULES = YES;
				CLANG_ENABLE_OBJC_ARC = YES;
				CLANG_WARN_BOOL_CONVERSION = YES;
				CLANG_WARN_CONSTANT_CONVERSION = YES;
				CLANG_WARN_DIRECT_OBJC_ISA_USAGE = YES_ERROR;
				CLANG_WARN_EMPTY_BODY = YES;
				CLANG_WARN_ENUM_CONVERSION = YES;
				CLANG_WARN_INT_CONVERSION = YES;
				CLANG_WARN_OBJC_ROOT_CLASS = YES_ERROR;
				CLANG_WARN_UNREACHABLE_CODE = YES;
				CLANG_WARN__DUPLICATE_METHOD_MATCH = YES;
				"CODE_SIGN_IDENTITY[sdk=iphoneos*]" = "iPhone Developer";
				COPY_PHASE_STRIP = NO;
				ENABLE_NS_ASSERTIONS = NO;
				ENABLE_STRICT_OBJC_MSGSEND = YES;
				GCC_C_LANGUAGE_STANDARD = gnu99;
				GCC_WARN_64_TO_32_BIT_CONVERSION = YES;
				GCC_WARN_ABOUT_RETURN_TYPE = YES_ERROR;
				GCC_WARN_UNDECLARED_SELECTOR = YES;
				GCC_WARN_UNINITIALIZED_AUTOS = YES_AGGRESSIVE;
				GCC_WARN_UNUSED_FUNCTION = YES;
				GCC_WARN_UNUSED_VARIABLE = YES;
				IPHONEOS_DEPLOYMENT_TARGET = 8.2;
				MTL_ENABLE_DEBUG_INFO = NO;
				SDKROOT = iphoneos;
				TARGETED_DEVICE_FAMILY = "1,2";
				VALIDATE_PRODUCT = YES;
			};
			name = Release;
		};
		831A70311ACDD98E002218B9 /* Debug */ = {
			isa = XCBuildConfiguration;
			baseConfigurationReference = 374FD14D317543E6227E01E7 /* Pods-PaintBoard.debug.xcconfig */;
			buildSettings = {
				ASSETCATALOG_COMPILER_APPICON_NAME = AppIcon;
				INFOPLIST_FILE = PaintBoard/Info.plist;
				IPHONEOS_DEPLOYMENT_TARGET = 8.0;
				LD_RUNPATH_SEARCH_PATHS = "$(inherited) @executable_path/Frameworks";
				PRODUCT_NAME = "$(TARGET_NAME)";
			};
			name = Debug;
		};
		831A70321ACDD98E002218B9 /* Release */ = {
			isa = XCBuildConfiguration;
			baseConfigurationReference = A2DB6B46A16B307EFA35E8E9 /* Pods-PaintBoard.release.xcconfig */;
			buildSettings = {
				ASSETCATALOG_COMPILER_APPICON_NAME = AppIcon;
				INFOPLIST_FILE = PaintBoard/Info.plist;
				IPHONEOS_DEPLOYMENT_TARGET = 8.0;
				LD_RUNPATH_SEARCH_PATHS = "$(inherited) @executable_path/Frameworks";
				PRODUCT_NAME = "$(TARGET_NAME)";
			};
			name = Release;
		};
		831A70341ACDD98E002218B9 /* Debug */ = {
			isa = XCBuildConfiguration;
			buildSettings = {
				BUNDLE_LOADER = "$(TEST_HOST)";
				FRAMEWORK_SEARCH_PATHS = (
					"$(SDKROOT)/Developer/Library/Frameworks",
					"$(inherited)",
				);
				GCC_PREPROCESSOR_DEFINITIONS = (
					"DEBUG=1",
					"$(inherited)",
				);
				INFOPLIST_FILE = PaintBoardTests/Info.plist;
				LD_RUNPATH_SEARCH_PATHS = "$(inherited) @executable_path/Frameworks @loader_path/Frameworks";
				PRODUCT_NAME = "$(TARGET_NAME)";
				TEST_HOST = "$(BUILT_PRODUCTS_DIR)/PaintBoard.app/PaintBoard";
			};
			name = Debug;
		};
		831A70351ACDD98E002218B9 /* Release */ = {
			isa = XCBuildConfiguration;
			buildSettings = {
				BUNDLE_LOADER = "$(TEST_HOST)";
				FRAMEWORK_SEARCH_PATHS = (
					"$(SDKROOT)/Developer/Library/Frameworks",
					"$(inherited)",
				);
				INFOPLIST_FILE = PaintBoardTests/Info.plist;
				LD_RUNPATH_SEARCH_PATHS = "$(inherited) @executable_path/Frameworks @loader_path/Frameworks";
				PRODUCT_NAME = "$(TARGET_NAME)";
				TEST_HOST = "$(BUILT_PRODUCTS_DIR)/PaintBoard.app/PaintBoard";
			};
			name = Release;
		};
/* End XCBuildConfiguration section */

/* Begin XCConfigurationList section */
		831A70051ACDD98E002218B9 /* Build configuration list for PBXProject "PaintBoard" */ = {
			isa = XCConfigurationList;
			buildConfigurations = (
				831A702E1ACDD98E002218B9 /* Debug */,
				831A702F1ACDD98E002218B9 /* Release */,
			);
			defaultConfigurationIsVisible = 0;
			defaultConfigurationName = Release;
		};
		831A70301ACDD98E002218B9 /* Build configuration list for PBXNativeTarget "PaintBoard" */ = {
			isa = XCConfigurationList;
			buildConfigurations = (
				831A70311ACDD98E002218B9 /* Debug */,
				831A70321ACDD98E002218B9 /* Release */,
			);
			defaultConfigurationIsVisible = 0;
			defaultConfigurationName = Release;
		};
		831A70331ACDD98E002218B9 /* Build configuration list for PBXNativeTarget "PaintBoardTests" */ = {
			isa = XCConfigurationList;
			buildConfigurations = (
				831A70341ACDD98E002218B9 /* Debug */,
				831A70351ACDD98E002218B9 /* Release */,
			);
			defaultConfigurationIsVisible = 0;
			defaultConfigurationName = Release;
		};
/* End XCConfigurationList section */

/* Begin XCVersionGroup section */
		831A70141ACDD98E002218B9 /* PaintBoard.xcdatamodeld */ = {
			isa = XCVersionGroup;
			children = (
				831A70151ACDD98E002218B9 /* PaintBoard.xcdatamodel */,
			);
			currentVersion = 831A70151ACDD98E002218B9 /* PaintBoard.xcdatamodel */;
			path = PaintBoard.xcdatamodeld;
			sourceTree = "<group>";
			versionGroupType = wrapper.xcdatamodel;
		};
/* End XCVersionGroup section */
	};
	rootObject = 831A70021ACDD98E002218B9 /* Project object */;
}
